hash: 09a55fb9f5470dc51eb4df293a759402d827275bd5638a405ffe736f126c9f88
updated: 2016-06-24T10:26:12.487491012+09:00
imports:
- name: github.com/coreos/etcd
  version: a7189ef0736bd50a3f05f3a14659eb1444aaa7e7
  subpackages:
  - client
  - pkg/pathutil
  - pkg/types
- name: github.com/kelseyhightower/envconfig
  version: 91921eb4cf999321cdbeebdba5a03555800d493b
- name: github.com/pkg/errors
  version: cbd18b5440315aa74a17dee2e50b67675b872b49
- name: github.com/ugorji/go
  version: b94837a2404ab90efe9289e77a70694c355739cb
  subpackages:
  - codec
- name: golang.org/x/net
  version: bc3663df0ac92f928d419e31e0d2af22e683a5a2
  subpackages:
  - context
devImports: []
