hash: e4199004dff2dc2cf4dc4588d66cc13a329299b6a100adf3b609ea791bc9ee13
updated: 2016-07-05T17:53:41.003326552+09:00
imports:
- name: github.com/cenkalti/backoff
  version: cdf48bbc1eb78d1349cbda326a4a037f7ba565c6
- name: github.com/coreos/etcd
  version: c7dd74d8d397faac444df23a9cafe1f0ae4be9c7
  subpackages:
  - client
  - pkg/pathutil
  - pkg/types
- name: github.com/kelseyhightower/envconfig
  version: 91921eb4cf999321cdbeebdba5a03555800d493b
- name: github.com/pkg/errors
  version: a2d6902c6d2a2f194eb3fb474981ab7867c81505
- name: github.com/ugorji/go
  version: b94837a2404ab90efe9289e77a70694c355739cb
  subpackages:
  - codec
- name: github.com/zorkian/go-datadog-api
  version: 965799361071d6c525f05b498ad5bc059c4c59b2
- name: golang.org/x/net
  version: b400c2eff1badec7022a8c8f5bea058b6315eed7
  subpackages:
  - context
devImports: []
